
Microsoft Visual Studio Solution File, Format Version 12.00
# Visual Studio Version 16
VisualStudioVersion = 16.0.30503.244
MinimumVisualStudioVersion = 10.0.40219.1
Project("{FAE04EC0-301F-11D3-BF4B-00C04F79EFBC}") = "hastaneotomasyon", "hastaneotomasyon\hastaneotomasyon.csproj", "{1D629464-CE33-456F-9B43-4A667A9BBEB7}"
EndProject
Global
	GlobalSection(SolutionConfigurationPlatforms) = preSolution
		Debug|Any CPU = Debug|Any CPU
		Release|Any CPU = Release|Any CPU
	EndGlobalSection
	GlobalSection(ProjectConfigurationPlatforms) = postSolution
		{1D629464-CE33-456F-9B43-4A667A9BBEB7}.Debug|Any CPU.ActiveCfg = Debug|Any CPU
		{1D629464-CE33-456F-9B43-4A667A9BBEB7}.Debug|Any CPU.Build.0 = Debug|Any CPU
		{1D629464-CE33-456F-9B43-4A667A9BBEB7}.Release|Any CPU.ActiveCfg = Release|Any CPU
		{1D629464-CE33-456F-9B43-4A667A9BBEB7}.Release|Any CPU.Build.0 = Release|Any CPU
	EndGlobalSection
	GlobalSection(SolutionProperties) = preSolution
		HideSolutionNode = FALSE
	EndGlobalSection
	GlobalSection(ExtensibilityGlobals) = postSolution
		SolutionGuid = {331FBF35-3DFA-439C-A0A2-6F3D00B8CDFB}
	EndGlobalSection
EndGlobal
